# THIS IS AN AUTOGENERATED FILE. DO NOT EDIT THIS FILE DIRECTLY.
# yarn lockfile v1


"@types/react-dom@^15.5.4":
  version "15.5.6"
  resolved "https://registry.npmjs.org/@types/react-dom/-/react-dom-15.5.6.tgz#7794ff7822882b59b899c30294e1b1e62e97757e"
  dependencies:
    "@types/react" "^15"

"@types/react@^15":
  version "15.6.4"
  resolved "https://registry.npmjs.org/@types/react/-/react-15.6.4.tgz#3bb57bd43183a05919ceb025a264287348f47e9d"

"@types/react@^16.0.5":
  version "16.0.10"
  resolved "https://registry.npmjs.org/@types/react/-/react-16.0.10.tgz#a24b630f5f1f170866a148a147d4fc8636ea88e0"

classnames@^2.2.5:
  version "2.2.5"
  resolved "https://registry.npmjs.org/classnames/-/classnames-2.2.5.tgz#fb3801d453467649ef3603c7d61a02bd129bde6d"

typescript@^2.5.2:
  version "2.5.3"
  resolved "https://registry.npmjs.org/typescript/-/typescript-2.5.3.tgz#df3dcdc38f3beb800d4bc322646b04a3f6ca7f0d"
